
Microsoft Visual Studio Solution File, Format Version 12.00
# Visual Studio Version 16
VisualStudioVersion = 16.0.30011.22
MinimumVisualStudioVersion = 10.0.40219.1
Project("{FAE04EC0-301F-11D3-BF4B-00C04F79EFBC}") = "SudokuWorld", "SudokuWorld\SudokuWorld.csproj", "{FAB5F2C3-797A-42A1-AFF2-9D54AA472E2A}"
EndProject
Global
	GlobalSection(SolutionConfigurationPlatforms) = preSolution
		Debug|Any CPU = Debug|Any CPU
		Release|Any CPU = Release|Any CPU
	EndGlobalSection
	GlobalSection(ProjectConfigurationPlatforms) = postSolution
		{FAB5F2C3-797A-42A1-AFF2-9D54AA472E2A}.Debug|Any CPU.ActiveCfg = Debug|Any CPU
		{FAB5F2C3-797A-42A1-AFF2-9D54AA472E2A}.Debug|Any CPU.Build.0 = Debug|Any CPU
		{FAB5F2C3-797A-42A1-AFF2-9D54AA472E2A}.Release|Any CPU.ActiveCfg = Release|Any CPU
		{FAB5F2C3-797A-42A1-AFF2-9D54AA472E2A}.Release|Any CPU.Build.0 = Release|Any CPU
	EndGlobalSection
	GlobalSection(SolutionProperties) = preSolution
		HideSolutionNode = FALSE
	EndGlobalSection
	GlobalSection(ExtensibilityGlobals) = postSolution
		SolutionGuid = {A40CA69B-8875-42B3-BA32-ED13AFE337CE}
	EndGlobalSection
EndGlobal
